
Microsoft Visual Studio Solution File, Format Version 11.00
# Visual Studio 2010
Project("{FAE04EC0-301F-11D3-BF4B-00C04F79EFBC}") = "Shoot The Cube", "VuforiaScripts.csproj", "{3304DE35-2493-EBD2-AADC-2DF91EEC8200}"
EndProject
Project("{FAE04EC0-301F-11D3-BF4B-00C04F79EFBC}") = "Shoot The Cube", "Assembly-CSharp.csproj", "{655CE520-2E54-B9B1-C14E-412E9DED22FC}"
EndProject
Project("{FAE04EC0-301F-11D3-BF4B-00C04F79EFBC}") = "Shoot The Cube", "VuforiaEditorScripts.csproj", "{50899846-168F-1F42-1BEB-4F6F846A4A86}"
EndProject
Project("{FAE04EC0-301F-11D3-BF4B-00C04F79EFBC}") = "Shoot The Cube", "Assembly-CSharp-Editor.csproj", "{11499C35-615B-4DC6-BBD4-0C7270A7762A}"
EndProject
Global
	GlobalSection(SolutionConfigurationPlatforms) = preSolution
		Debug|Any CPU = Debug|Any CPU
		Release|Any CPU = Release|Any CPU
	EndGlobalSection
	GlobalSection(ProjectConfigurationPlatforms) = postSolution
		{3304DE35-2493-EBD2-AADC-2DF91EEC8200}.Debug|Any CPU.ActiveCfg = Debug|Any CPU
		{3304DE35-2493-EBD2-AADC-2DF91EEC8200}.Debug|Any CPU.Build.0 = Debug|Any CPU
		{3304DE35-2493-EBD2-AADC-2DF91EEC8200}.Release|Any CPU.ActiveCfg = Release|Any CPU
		{3304DE35-2493-EBD2-AADC-2DF91EEC8200}.Release|Any CPU.Build.0 = Release|Any CPU
		{655CE520-2E54-B9B1-C14E-412E9DED22FC}.Debug|Any CPU.ActiveCfg = Debug|Any CPU
		{655CE520-2E54-B9B1-C14E-412E9DED22FC}.Debug|Any CPU.Build.0 = Debug|Any CPU
		{655CE520-2E54-B9B1-C14E-412E9DED22FC}.Release|Any CPU.ActiveCfg = Release|Any CPU
		{655CE520-2E54-B9B1-C14E-412E9DED22FC}.Release|Any CPU.Build.0 = Release|Any CPU
		{50899846-168F-1F42-1BEB-4F6F846A4A86}.Debug|Any CPU.ActiveCfg = Debug|Any CPU
		{50899846-168F-1F42-1BEB-4F6F846A4A86}.Debug|Any CPU.Build.0 = Debug|Any CPU
		{50899846-168F-1F42-1BEB-4F6F846A4A86}.Release|Any CPU.ActiveCfg = Release|Any CPU
		{50899846-168F-1F42-1BEB-4F6F846A4A86}.Release|Any CPU.Build.0 = Release|Any CPU
		{11499C35-615B-4DC6-BBD4-0C7270A7762A}.Debug|Any CPU.ActiveCfg = Debug|Any CPU
		{11499C35-615B-4DC6-BBD4-0C7270A7762A}.Debug|Any CPU.Build.0 = Debug|Any CPU
		{11499C35-615B-4DC6-BBD4-0C7270A7762A}.Release|Any CPU.ActiveCfg = Release|Any CPU
		{11499C35-615B-4DC6-BBD4-0C7270A7762A}.Release|Any CPU.Build.0 = Release|Any CPU
	EndGlobalSection
	GlobalSection(SolutionProperties) = preSolution
		HideSolutionNode = FALSE
	EndGlobalSection
	GlobalSection(MonoDevelopProperties) = preSolution
		StartupItem = Assembly-CSharp.csproj
	EndGlobalSection
EndGlobal
